
Microsoft Visual Studio Solution File, Format Version 12.00
# Visual Studio Version 17
VisualStudioVersion = 17.12.35707.178
MinimumVisualStudioVersion = 10.0.40219.1
Project("{2150E333-8FDC-42A3-9474-1A3956D46DE8}") = "Backend", "Backend", "{41992784-953E-47BF-AF56-41949CFF89F9}"
EndProject
Project("{9A19103F-16F7-4668-BE54-9A1E7A4F7556}") = "EmergencyBurial.Api", "EmergencyBurial\EmergencyBurial.Api\EmergencyBurial.Api.csproj", "{3CF7742F-D25B-4C8A-9C8F-340D2F32B5DC}"
EndProject
Project("{9A19103F-16F7-4668-BE54-9A1E7A4F7556}") = "EmergencyBurial.Services", "EmergencyBurial\EmergencyBurial.Services\EmergencyBurial.Services.csproj", "{0E999F78-3AB2-4133-8CF4-DEAF24754AD6}"
EndProject
Project("{2150E333-8FDC-42A3-9474-1A3956D46DE8}") = "Data", "Data", "{E5D8BADB-F463-44DD-B1C0-2206697BFE1F}"
EndProject
Project("{9A19103F-16F7-4668-BE54-9A1E7A4F7556}") = "DataModel", "EmergencyBurial\DataModel\DataModel.csproj", "{49EB14ED-6048-46A8-9D3C-050247215F34}"
EndProject
Project("{2150E333-8FDC-42A3-9474-1A3956D46DE8}") = "Common", "Common", "{225B79E6-E5F9-4489-B062-053A87457816}"
EndProject
Project("{9A19103F-16F7-4668-BE54-9A1E7A4F7556}") = "Core", "EmergencyBurial\Core\Core.csproj", "{B3878D7D-A3C2-4740-B334-73EF90537E1F}"
EndProject
Project("{2150E333-8FDC-42A3-9474-1A3956D46DE8}") = "UI", "UI", "{F7821CA5-0171-4343-BE93-F9C9C0723E76}"
EndProject
Project("{E24C65DC-7377-472B-9ABA-BC803B73C61A}") = "Website", "EmergencyBurial\Website\", "{BC5935DB-959C-41D9-A5A7-EA65CA304836}"
	ProjectSection(WebsiteProperties) = preProject
		TargetFrameworkMoniker = ".NETFramework,Version%3Dv4.7.2"
		Debug.AspNetCompiler.VirtualPath = "/localhost_52136"
		Debug.AspNetCompiler.PhysicalPath = "EmergencyBurial\Website\"
		Debug.AspNetCompiler.TargetPath = "PrecompiledWeb\localhost_52136\"
		Debug.AspNetCompiler.Updateable = "true"
		Debug.AspNetCompiler.ForceOverwrite = "true"
		Debug.AspNetCompiler.FixedNames = "false"
		Debug.AspNetCompiler.Debug = "True"
		Release.AspNetCompiler.VirtualPath = "/localhost_52136"
		Release.AspNetCompiler.PhysicalPath = "EmergencyBurial\Website\"
		Release.AspNetCompiler.TargetPath = "PrecompiledWeb\localhost_52136\"
		Release.AspNetCompiler.Updateable = "true"
		Release.AspNetCompiler.ForceOverwrite = "true"
		Release.AspNetCompiler.FixedNames = "false"
		Release.AspNetCompiler.Debug = "False"
		VWDPort = "52136"
		SlnRelativePath = "EmergencyBurial\Website\"
		DefaultWebSiteLanguage = "Visual Basic"
	EndProjectSection
EndProject
Project("{E24C65DC-7377-472B-9ABA-BC803B73C61A}") = "WebApp", "WebApp\", "{AD3EF35C-A0CB-4120-B7CA-4FCF12807C06}"
	ProjectSection(WebsiteProperties) = preProject
		TargetFrameworkMoniker = ".NETFramework,Version%3Dv4.7.2"
		Debug.AspNetCompiler.VirtualPath = "/localhost_63589"
		Debug.AspNetCompiler.PhysicalPath = "WebApp\"
		Debug.AspNetCompiler.TargetPath = "PrecompiledWeb\localhost_63589\"
		Debug.AspNetCompiler.Updateable = "true"
		Debug.AspNetCompiler.ForceOverwrite = "true"
		Debug.AspNetCompiler.FixedNames = "false"
		Debug.AspNetCompiler.Debug = "True"
		Release.AspNetCompiler.VirtualPath = "/localhost_63589"
		Release.AspNetCompiler.PhysicalPath = "WebApp\"
		Release.AspNetCompiler.TargetPath = "PrecompiledWeb\localhost_63589\"
		Release.AspNetCompiler.Updateable = "true"
		Release.AspNetCompiler.ForceOverwrite = "true"
		Release.AspNetCompiler.FixedNames = "false"
		Release.AspNetCompiler.Debug = "False"
		VWDPort = "63589"
		SlnRelativePath = "WebApp\"
	EndProjectSection
EndProject
Global
	GlobalSection(SolutionConfigurationPlatforms) = preSolution
		Debug|Any CPU = Debug|Any CPU
		Production|Any CPU = Production|Any CPU
		Release|Any CPU = Release|Any CPU
		Staging|Any CPU = Staging|Any CPU
	EndGlobalSection
	GlobalSection(ProjectConfigurationPlatforms) = postSolution
		{3CF7742F-D25B-4C8A-9C8F-340D2F32B5DC}.Debug|Any CPU.ActiveCfg = Debug|Any CPU
		{3CF7742F-D25B-4C8A-9C8F-340D2F32B5DC}.Debug|Any CPU.Build.0 = Debug|Any CPU
		{3CF7742F-D25B-4C8A-9C8F-340D2F32B5DC}.Production|Any CPU.ActiveCfg = Production|Any CPU
		{3CF7742F-D25B-4C8A-9C8F-340D2F32B5DC}.Production|Any CPU.Build.0 = Production|Any CPU
		{3CF7742F-D25B-4C8A-9C8F-340D2F32B5DC}.Release|Any CPU.ActiveCfg = Release|Any CPU
		{3CF7742F-D25B-4C8A-9C8F-340D2F32B5DC}.Release|Any CPU.Build.0 = Release|Any CPU
		{3CF7742F-D25B-4C8A-9C8F-340D2F32B5DC}.Staging|Any CPU.ActiveCfg = Staging|Any CPU
		{3CF7742F-D25B-4C8A-9C8F-340D2F32B5DC}.Staging|Any CPU.Build.0 = Staging|Any CPU
		{0E999F78-3AB2-4133-8CF4-DEAF24754AD6}.Debug|Any CPU.ActiveCfg = Debug|Any CPU
		{0E999F78-3AB2-4133-8CF4-DEAF24754AD6}.Debug|Any CPU.Build.0 = Debug|Any CPU
		{0E999F78-3AB2-4133-8CF4-DEAF24754AD6}.Production|Any CPU.ActiveCfg = Production|Any CPU
		{0E999F78-3AB2-4133-8CF4-DEAF24754AD6}.Production|Any CPU.Build.0 = Production|Any CPU
		{0E999F78-3AB2-4133-8CF4-DEAF24754AD6}.Release|Any CPU.ActiveCfg = Release|Any CPU
		{0E999F78-3AB2-4133-8CF4-DEAF24754AD6}.Release|Any CPU.Build.0 = Release|Any CPU
		{0E999F78-3AB2-4133-8CF4-DEAF24754AD6}.Staging|Any CPU.ActiveCfg = Staging|Any CPU
		{0E999F78-3AB2-4133-8CF4-DEAF24754AD6}.Staging|Any CPU.Build.0 = Staging|Any CPU
		{49EB14ED-6048-46A8-9D3C-050247215F34}.Debug|Any CPU.ActiveCfg = Debug|Any CPU
		{49EB14ED-6048-46A8-9D3C-050247215F34}.Debug|Any CPU.Build.0 = Debug|Any CPU
		{49EB14ED-6048-46A8-9D3C-050247215F34}.Production|Any CPU.ActiveCfg = Production|Any CPU
		{49EB14ED-6048-46A8-9D3C-050247215F34}.Production|Any CPU.Build.0 = Production|Any CPU
		{49EB14ED-6048-46A8-9D3C-050247215F34}.Release|Any CPU.ActiveCfg = Release|Any CPU
		{49EB14ED-6048-46A8-9D3C-050247215F34}.Release|Any CPU.Build.0 = Release|Any CPU
		{49EB14ED-6048-46A8-9D3C-050247215F34}.Staging|Any CPU.ActiveCfg = Staging|Any CPU
		{49EB14ED-6048-46A8-9D3C-050247215F34}.Staging|Any CPU.Build.0 = Staging|Any CPU
		{B3878D7D-A3C2-4740-B334-73EF90537E1F}.Debug|Any CPU.ActiveCfg = Debug|Any CPU
		{B3878D7D-A3C2-4740-B334-73EF90537E1F}.Debug|Any CPU.Build.0 = Debug|Any CPU
		{B3878D7D-A3C2-4740-B334-73EF90537E1F}.Production|Any CPU.ActiveCfg = Production|Any CPU
		{B3878D7D-A3C2-4740-B334-73EF90537E1F}.Production|Any CPU.Build.0 = Production|Any CPU
		{B3878D7D-A3C2-4740-B334-73EF90537E1F}.Release|Any CPU.ActiveCfg = Release|Any CPU
		{B3878D7D-A3C2-4740-B334-73EF90537E1F}.Release|Any CPU.Build.0 = Release|Any CPU
		{B3878D7D-A3C2-4740-B334-73EF90537E1F}.Staging|Any CPU.ActiveCfg = Staging|Any CPU
		{B3878D7D-A3C2-4740-B334-73EF90537E1F}.Staging|Any CPU.Build.0 = Staging|Any CPU
		{BC5935DB-959C-41D9-A5A7-EA65CA304836}.Debug|Any CPU.ActiveCfg = Debug|Any CPU
		{BC5935DB-959C-41D9-A5A7-EA65CA304836}.Debug|Any CPU.Build.0 = Debug|Any CPU
		{BC5935DB-959C-41D9-A5A7-EA65CA304836}.Production|Any CPU.ActiveCfg = Debug|Any CPU
		{BC5935DB-959C-41D9-A5A7-EA65CA304836}.Production|Any CPU.Build.0 = Debug|Any CPU
		{BC5935DB-959C-41D9-A5A7-EA65CA304836}.Release|Any CPU.ActiveCfg = Debug|Any CPU
		{BC5935DB-959C-41D9-A5A7-EA65CA304836}.Release|Any CPU.Build.0 = Debug|Any CPU
		{BC5935DB-959C-41D9-A5A7-EA65CA304836}.Staging|Any CPU.ActiveCfg = Debug|Any CPU
		{BC5935DB-959C-41D9-A5A7-EA65CA304836}.Staging|Any CPU.Build.0 = Debug|Any CPU
		{AD3EF35C-A0CB-4120-B7CA-4FCF12807C06}.Debug|Any CPU.ActiveCfg = Debug|Any CPU
		{AD3EF35C-A0CB-4120-B7CA-4FCF12807C06}.Debug|Any CPU.Build.0 = Debug|Any CPU
		{AD3EF35C-A0CB-4120-B7CA-4FCF12807C06}.Production|Any CPU.ActiveCfg = Debug|Any CPU
		{AD3EF35C-A0CB-4120-B7CA-4FCF12807C06}.Production|Any CPU.Build.0 = Debug|Any CPU
		{AD3EF35C-A0CB-4120-B7CA-4FCF12807C06}.Release|Any CPU.ActiveCfg = Debug|Any CPU
		{AD3EF35C-A0CB-4120-B7CA-4FCF12807C06}.Release|Any CPU.Build.0 = Debug|Any CPU
		{AD3EF35C-A0CB-4120-B7CA-4FCF12807C06}.Staging|Any CPU.ActiveCfg = Debug|Any CPU
		{AD3EF35C-A0CB-4120-B7CA-4FCF12807C06}.Staging|Any CPU.Build.0 = Debug|Any CPU
	EndGlobalSection
	GlobalSection(SolutionProperties) = preSolution
		HideSolutionNode = FALSE
	EndGlobalSection
	GlobalSection(NestedProjects) = preSolution
		{3CF7742F-D25B-4C8A-9C8F-340D2F32B5DC} = {41992784-953E-47BF-AF56-41949CFF89F9}
		{0E999F78-3AB2-4133-8CF4-DEAF24754AD6} = {41992784-953E-47BF-AF56-41949CFF89F9}
		{49EB14ED-6048-46A8-9D3C-050247215F34} = {E5D8BADB-F463-44DD-B1C0-2206697BFE1F}
		{B3878D7D-A3C2-4740-B334-73EF90537E1F} = {225B79E6-E5F9-4489-B062-053A87457816}
		{BC5935DB-959C-41D9-A5A7-EA65CA304836} = {F7821CA5-0171-4343-BE93-F9C9C0723E76}
		{AD3EF35C-A0CB-4120-B7CA-4FCF12807C06} = {F7821CA5-0171-4343-BE93-F9C9C0723E76}
	EndGlobalSection
	GlobalSection(ExtensibilityGlobals) = postSolution
		SolutionGuid = {28612836-60BA-4F9E-B8D8-A08022FD5573}
	EndGlobalSection
EndGlobal
